
Microsoft Visual Studio Solution File, Format Version 12.00
Project("{FAE04EC0-301F-11D3-BF4B-00C04F79EFBC}") = "loop-array-method-oop", "loop-array-method-oop\loop-array-method-oop.csproj", "{F049C7EA-35AB-4392-826E-B16EF839D68B}"
EndProject
Project("{FAE04EC0-301F-11D3-BF4B-00C04F79EFBC}") = "Array-exercise", "Array-exercise\Array-exercise.csproj", "{76896B72-1C84-4BBD-96AF-2B1B44DFDCEC}"
EndProject
Project("{FAE04EC0-301F-11D3-BF4B-00C04F79EFBC}") = "Calculator", "Calculator\Calculator.csproj", "{6B2AC390-02E9-4BE3-80E3-88C2C411B220}"
EndProject
Project("{FAE04EC0-301F-11D3-BF4B-00C04F79EFBC}") = "NumberGuesser", "NumberGuesser\NumberGuesser.csproj", "{D5F31760-4FCA-4DBF-B180-5D77C34ACE98}"
EndProject
Project("{FAE04EC0-301F-11D3-BF4B-00C04F79EFBC}") = "for-exercise", "for-exercise\for-exercise.csproj", "{804D9A57-6D94-4907-9B22-C9628718DC7A}"
EndProject
Global
	GlobalSection(SolutionConfigurationPlatforms) = preSolution
		Debug|Any CPU = Debug|Any CPU
		Release|Any CPU = Release|Any CPU
	EndGlobalSection
	GlobalSection(ProjectConfigurationPlatforms) = postSolution
		{F049C7EA-35AB-4392-826E-B16EF839D68B}.Debug|Any CPU.ActiveCfg = Debug|Any CPU
		{F049C7EA-35AB-4392-826E-B16EF839D68B}.Debug|Any CPU.Build.0 = Debug|Any CPU
		{F049C7EA-35AB-4392-826E-B16EF839D68B}.Release|Any CPU.ActiveCfg = Release|Any CPU
		{F049C7EA-35AB-4392-826E-B16EF839D68B}.Release|Any CPU.Build.0 = Release|Any CPU
		{76896B72-1C84-4BBD-96AF-2B1B44DFDCEC}.Debug|Any CPU.ActiveCfg = Debug|Any CPU
		{76896B72-1C84-4BBD-96AF-2B1B44DFDCEC}.Debug|Any CPU.Build.0 = Debug|Any CPU
		{76896B72-1C84-4BBD-96AF-2B1B44DFDCEC}.Release|Any CPU.ActiveCfg = Release|Any CPU
		{76896B72-1C84-4BBD-96AF-2B1B44DFDCEC}.Release|Any CPU.Build.0 = Release|Any CPU
		{6B2AC390-02E9-4BE3-80E3-88C2C411B220}.Debug|Any CPU.ActiveCfg = Debug|Any CPU
		{6B2AC390-02E9-4BE3-80E3-88C2C411B220}.Debug|Any CPU.Build.0 = Debug|Any CPU
		{6B2AC390-02E9-4BE3-80E3-88C2C411B220}.Release|Any CPU.ActiveCfg = Release|Any CPU
		{6B2AC390-02E9-4BE3-80E3-88C2C411B220}.Release|Any CPU.Build.0 = Release|Any CPU
		{D5F31760-4FCA-4DBF-B180-5D77C34ACE98}.Debug|Any CPU.ActiveCfg = Debug|Any CPU
		{D5F31760-4FCA-4DBF-B180-5D77C34ACE98}.Debug|Any CPU.Build.0 = Debug|Any CPU
		{D5F31760-4FCA-4DBF-B180-5D77C34ACE98}.Release|Any CPU.ActiveCfg = Release|Any CPU
		{D5F31760-4FCA-4DBF-B180-5D77C34ACE98}.Release|Any CPU.Build.0 = Release|Any CPU
		{804D9A57-6D94-4907-9B22-C9628718DC7A}.Debug|Any CPU.ActiveCfg = Debug|Any CPU
		{804D9A57-6D94-4907-9B22-C9628718DC7A}.Debug|Any CPU.Build.0 = Debug|Any CPU
		{804D9A57-6D94-4907-9B22-C9628718DC7A}.Release|Any CPU.ActiveCfg = Release|Any CPU
		{804D9A57-6D94-4907-9B22-C9628718DC7A}.Release|Any CPU.Build.0 = Release|Any CPU
	EndGlobalSection
EndGlobal
